{
  "name": "getOperation",
  "version": "1.0.0",
  "lockfileVersion": 1,
  "requires": true,
  "dependencies": {
    "operationsa": {
      "version": "1.0.2",
      "resolved": "https://registry.npmjs.org/operationsa/-/operationsa-1.0.2.tgz",
      "integrity": "sha512-mgbf3EAPHtdeXjp+h4TeJVA32dD8MsaquoEjDYTtvhCfNTPe9k2uataSpjqFU6v0irQJAYYtx3mruEMxPoUS2g=="
    }
  }
}
